
Microsoft Visual Studio Solution File, Format Version 12.00
# Visual Studio Version 16
VisualStudioVersion = 16.0.30804.86
MinimumVisualStudioVersion = 10.0.40219.1
Project("{2150E333-8FDC-42A3-9474-1A3956D46DE8}") = "Tests", "Tests", "{DF20F6D9-AD3C-4ADD-8CBD-125F9420695A}"
EndProject
Project("{9A19103F-16F7-4668-BE54-9A1E7A4F7556}") = "DesafioOfx.Domain.Tests", "tests\DesafioOfx.Domain.Tests\DesafioOfx.Domain.Tests.csproj", "{CC8321F3-4F5E-44F7-BF52-62F7D8CF9900}"
EndProject
Project("{9A19103F-16F7-4668-BE54-9A1E7A4F7556}") = "DesafioOfx.Application", "src\DesafioOfx.Application\DesafioOfx.Application.csproj", "{C6B7D234-4A41-4B46-8519-444C7612D300}"
EndProject
Project("{9A19103F-16F7-4668-BE54-9A1E7A4F7556}") = "DesafioOfx.Domain", "src\DesafioOfx.Domain\DesafioOfx.Domain.csproj", "{CFE1517C-258B-459D-BF94-814771AD9B80}"
EndProject
Project("{9A19103F-16F7-4668-BE54-9A1E7A4F7556}") = "DesafioOfx.Data", "src\DesafioOfx.Data\DesafioOfx.Data.csproj", "{EDF361C0-295B-4BB8-A232-3289A045F7E7}"
EndProject
Project("{9A19103F-16F7-4668-BE54-9A1E7A4F7556}") = "DesafioOfx.Core", "src\DesafioOfx.Core\DesafioOfx.Core.csproj", "{4F2B9BEC-DB62-4F3A-9B23-486979B86255}"
EndProject
Project("{9A19103F-16F7-4668-BE54-9A1E7A4F7556}") = "DesafioOfx.Api", "src\DesafioOfx.Api\DesafioOfx.Api.csproj", "{5A15CB81-C35B-4822-882B-57C819EDC189}"
EndProject
Project("{2150E333-8FDC-42A3-9474-1A3956D46DE8}") = "OfxNet", "OfxNet", "{FA40490C-F2EE-4015-A432-C70ABDA928BA}"
EndProject
Project("{9A19103F-16F7-4668-BE54-9A1E7A4F7556}") = "OfxNet", "src\OfxNet\OfxNet.csproj", "{DFDE29AB-C6FA-41CE-BCCF-6CFF279EE2CE}"
EndProject
Project("{9A19103F-16F7-4668-BE54-9A1E7A4F7556}") = "OfxNet.IntegrationTests", "tests\OfxNet.IntegrationTests\OfxNet.IntegrationTests.csproj", "{1C0B67C2-15FA-458E-B10A-D10340EF43E6}"
EndProject
Project("{FAE04EC0-301F-11D3-BF4B-00C04F79EFBC}") = "DesafioOfx.Application.Tests", "tests\DesafioOfx.Application.Tests\DesafioOfx.Application.Tests.csproj", "{5690471B-0CA2-4A75-B812-EA8DF8C1BF45}"
EndProject
Global
	GlobalSection(SolutionConfigurationPlatforms) = preSolution
		Debug|Any CPU = Debug|Any CPU
		Release|Any CPU = Release|Any CPU
	EndGlobalSection
	GlobalSection(ProjectConfigurationPlatforms) = postSolution
		{CC8321F3-4F5E-44F7-BF52-62F7D8CF9900}.Debug|Any CPU.ActiveCfg = Debug|Any CPU
		{CC8321F3-4F5E-44F7-BF52-62F7D8CF9900}.Debug|Any CPU.Build.0 = Debug|Any CPU
		{CC8321F3-4F5E-44F7-BF52-62F7D8CF9900}.Release|Any CPU.ActiveCfg = Release|Any CPU
		{CC8321F3-4F5E-44F7-BF52-62F7D8CF9900}.Release|Any CPU.Build.0 = Release|Any CPU
		{C6B7D234-4A41-4B46-8519-444C7612D300}.Debug|Any CPU.ActiveCfg = Debug|Any CPU
		{C6B7D234-4A41-4B46-8519-444C7612D300}.Debug|Any CPU.Build.0 = Debug|Any CPU
		{C6B7D234-4A41-4B46-8519-444C7612D300}.Release|Any CPU.ActiveCfg = Release|Any CPU
		{C6B7D234-4A41-4B46-8519-444C7612D300}.Release|Any CPU.Build.0 = Release|Any CPU
		{CFE1517C-258B-459D-BF94-814771AD9B80}.Debug|Any CPU.ActiveCfg = Debug|Any CPU
		{CFE1517C-258B-459D-BF94-814771AD9B80}.Debug|Any CPU.Build.0 = Debug|Any CPU
		{CFE1517C-258B-459D-BF94-814771AD9B80}.Release|Any CPU.ActiveCfg = Release|Any CPU
		{CFE1517C-258B-459D-BF94-814771AD9B80}.Release|Any CPU.Build.0 = Release|Any CPU
		{EDF361C0-295B-4BB8-A232-3289A045F7E7}.Debug|Any CPU.ActiveCfg = Debug|Any CPU
		{EDF361C0-295B-4BB8-A232-3289A045F7E7}.Debug|Any CPU.Build.0 = Debug|Any CPU
		{EDF361C0-295B-4BB8-A232-3289A045F7E7}.Release|Any CPU.ActiveCfg = Release|Any CPU
		{EDF361C0-295B-4BB8-A232-3289A045F7E7}.Release|Any CPU.Build.0 = Release|Any CPU
		{4F2B9BEC-DB62-4F3A-9B23-486979B86255}.Debug|Any CPU.ActiveCfg = Debug|Any CPU
		{4F2B9BEC-DB62-4F3A-9B23-486979B86255}.Debug|Any CPU.Build.0 = Debug|Any CPU
		{4F2B9BEC-DB62-4F3A-9B23-486979B86255}.Release|Any CPU.ActiveCfg = Release|Any CPU
		{4F2B9BEC-DB62-4F3A-9B23-486979B86255}.Release|Any CPU.Build.0 = Release|Any CPU
		{5A15CB81-C35B-4822-882B-57C819EDC189}.Debug|Any CPU.ActiveCfg = Debug|Any CPU
		{5A15CB81-C35B-4822-882B-57C819EDC189}.Debug|Any CPU.Build.0 = Debug|Any CPU
		{5A15CB81-C35B-4822-882B-57C819EDC189}.Release|Any CPU.ActiveCfg = Release|Any CPU
		{5A15CB81-C35B-4822-882B-57C819EDC189}.Release|Any CPU.Build.0 = Release|Any CPU
		{DFDE29AB-C6FA-41CE-BCCF-6CFF279EE2CE}.Debug|Any CPU.ActiveCfg = Debug|Any CPU
		{DFDE29AB-C6FA-41CE-BCCF-6CFF279EE2CE}.Debug|Any CPU.Build.0 = Debug|Any CPU
		{DFDE29AB-C6FA-41CE-BCCF-6CFF279EE2CE}.Release|Any CPU.ActiveCfg = Release|Any CPU
		{DFDE29AB-C6FA-41CE-BCCF-6CFF279EE2CE}.Release|Any CPU.Build.0 = Release|Any CPU
		{1C0B67C2-15FA-458E-B10A-D10340EF43E6}.Debug|Any CPU.ActiveCfg = Debug|Any CPU
		{1C0B67C2-15FA-458E-B10A-D10340EF43E6}.Debug|Any CPU.Build.0 = Debug|Any CPU
		{1C0B67C2-15FA-458E-B10A-D10340EF43E6}.Release|Any CPU.ActiveCfg = Release|Any CPU
		{1C0B67C2-15FA-458E-B10A-D10340EF43E6}.Release|Any CPU.Build.0 = Release|Any CPU
		{5690471B-0CA2-4A75-B812-EA8DF8C1BF45}.Debug|Any CPU.ActiveCfg = Debug|Any CPU
		{5690471B-0CA2-4A75-B812-EA8DF8C1BF45}.Debug|Any CPU.Build.0 = Debug|Any CPU
		{5690471B-0CA2-4A75-B812-EA8DF8C1BF45}.Release|Any CPU.ActiveCfg = Release|Any CPU
		{5690471B-0CA2-4A75-B812-EA8DF8C1BF45}.Release|Any CPU.Build.0 = Release|Any CPU
	EndGlobalSection
	GlobalSection(SolutionProperties) = preSolution
		HideSolutionNode = FALSE
	EndGlobalSection
	GlobalSection(NestedProjects) = preSolution
		{CC8321F3-4F5E-44F7-BF52-62F7D8CF9900} = {DF20F6D9-AD3C-4ADD-8CBD-125F9420695A}
		{DFDE29AB-C6FA-41CE-BCCF-6CFF279EE2CE} = {FA40490C-F2EE-4015-A432-C70ABDA928BA}
		{1C0B67C2-15FA-458E-B10A-D10340EF43E6} = {FA40490C-F2EE-4015-A432-C70ABDA928BA}
		{5690471B-0CA2-4A75-B812-EA8DF8C1BF45} = {DF20F6D9-AD3C-4ADD-8CBD-125F9420695A}
	EndGlobalSection
	GlobalSection(ExtensibilityGlobals) = postSolution
		SolutionGuid = {0BFF4117-F9D4-4B15-9430-0ECC91F0A992}
	EndGlobalSection
EndGlobal
